
Microsoft Visual Studio Solution File, Format Version 12.00
# Visual Studio Version 17
VisualStudioVersion = 17.11.35219.272
MinimumVisualStudioVersion = 10.0.40219.1
Project("{FAE04EC0-301F-11D3-BF4B-00C04F79EFBC}") = "Ejercicio 2 guia semana 9", "Ejercicio 2 guia semana 9.csproj", "{0894138E-1B28-4C3A-B6CF-9EEF3A4861BF}"
EndProject
Global
	GlobalSection(SolutionConfigurationPlatforms) = preSolution
		Debug|Any CPU = Debug|Any CPU
		Release|Any CPU = Release|Any CPU
	EndGlobalSection
	GlobalSection(ProjectConfigurationPlatforms) = postSolution
		{0894138E-1B28-4C3A-B6CF-9EEF3A4861BF}.Debug|Any CPU.ActiveCfg = Debug|Any CPU
		{0894138E-1B28-4C3A-B6CF-9EEF3A4861BF}.Debug|Any CPU.Build.0 = Debug|Any CPU
		{0894138E-1B28-4C3A-B6CF-9EEF3A4861BF}.Release|Any CPU.ActiveCfg = Release|Any CPU
		{0894138E-1B28-4C3A-B6CF-9EEF3A4861BF}.Release|Any CPU.Build.0 = Release|Any CPU
	EndGlobalSection
	GlobalSection(SolutionProperties) = preSolution
		HideSolutionNode = FALSE
	EndGlobalSection
	GlobalSection(ExtensibilityGlobals) = postSolution
		SolutionGuid = {A1E93DD2-F845-42C7-AF39-09758148C527}
	EndGlobalSection
EndGlobal
